
Microsoft Visual Studio Solution File, Format Version 12.00
# Visual Studio Version 17
VisualStudioVersion = 17.10.35027.167
MinimumVisualStudioVersion = 10.0.40219.1
Project("{8BC9CEB8-8B4A-11D0-8D11-00A0C91BC942}") = "L7T1", "L7T1.vcxproj", "{C6022C89-399C-4DC5-8CCC-4C379A82D0B4}"
EndProject
Global
	GlobalSection(SolutionConfigurationPlatforms) = preSolution
		Debug|x64 = Debug|x64
		Debug|x86 = Debug|x86
		Release|x64 = Release|x64
		Release|x86 = Release|x86
	EndGlobalSection
	GlobalSection(ProjectConfigurationPlatforms) = postSolution
		{C6022C89-399C-4DC5-8CCC-4C379A82D0B4}.Debug|x64.ActiveCfg = Debug|x64
		{C6022C89-399C-4DC5-8CCC-4C379A82D0B4}.Debug|x64.Build.0 = Debug|x64
		{C6022C89-399C-4DC5-8CCC-4C379A82D0B4}.Debug|x86.ActiveCfg = Debug|Win32
		{C6022C89-399C-4DC5-8CCC-4C379A82D0B4}.Debug|x86.Build.0 = Debug|Win32
		{C6022C89-399C-4DC5-8CCC-4C379A82D0B4}.Release|x64.ActiveCfg = Release|x64
		{C6022C89-399C-4DC5-8CCC-4C379A82D0B4}.Release|x64.Build.0 = Release|x64
		{C6022C89-399C-4DC5-8CCC-4C379A82D0B4}.Release|x86.ActiveCfg = Release|Win32
		{C6022C89-399C-4DC5-8CCC-4C379A82D0B4}.Release|x86.Build.0 = Release|Win32
	EndGlobalSection
	GlobalSection(SolutionProperties) = preSolution
		HideSolutionNode = FALSE
	EndGlobalSection
	GlobalSection(ExtensibilityGlobals) = postSolution
		SolutionGuid = {437083FF-D9B7-4FB8-B067-3085A3CCE2F0}
	EndGlobalSection
EndGlobal
